
Microsoft Visual Studio Solution File, Format Version 12.00
# Visual Studio 15
VisualStudioVersion = 15.0.26430.16
MinimumVisualStudioVersion = 10.0.40219.1
Project("{FAE04EC0-301F-11D3-BF4B-00C04F79EFBC}") = "Fm.BLL", "Fm.BLL\Fm.BLL.csproj", "{0BFC09CD-6A9B-44CA-8D48-B4064251B52B}"
	ProjectSection(ProjectDependencies) = postProject
		{4BD08463-2334-4761-A886-C77531013D96} = {4BD08463-2334-4761-A886-C77531013D96}
	EndProjectSection
EndProject
Project("{FAE04EC0-301F-11D3-BF4B-00C04F79EFBC}") = "Fm.BusinessRules", "Fm.BusinessRules\Fm.BusinessRules.csproj", "{58E517A7-6475-4CB2-AA8B-51A5CB1D76B0}"
	ProjectSection(ProjectDependencies) = postProject
		{270B5E44-C8F0-4826-BA59-70E856FF5F4C} = {270B5E44-C8F0-4826-BA59-70E856FF5F4C}
		{4BD08463-2334-4761-A886-C77531013D96} = {4BD08463-2334-4761-A886-C77531013D96}
		{0BFC09CD-6A9B-44CA-8D48-B4064251B52B} = {0BFC09CD-6A9B-44CA-8D48-B4064251B52B}
	EndProjectSection
EndProject
Project("{FAE04EC0-301F-11D3-BF4B-00C04F79EFBC}") = "Fm.Core", "Fm.Core\Fm.Core.csproj", "{270B5E44-C8F0-4826-BA59-70E856FF5F4C}"
EndProject
Project("{FAE04EC0-301F-11D3-BF4B-00C04F79EFBC}") = "Fm.DAL", "Fm.DAL\Fm.DAL.csproj", "{64144C44-F19C-45AC-A740-AB40D4EC6A30}"
	ProjectSection(ProjectDependencies) = postProject
		{4BD08463-2334-4761-A886-C77531013D96} = {4BD08463-2334-4761-A886-C77531013D96}
	EndProjectSection
EndProject
Project("{FAE04EC0-301F-11D3-BF4B-00C04F79EFBC}") = "Fm.Entity", "Fm.Entity\Fm.Entity.csproj", "{4BD08463-2334-4761-A886-C77531013D96}"
EndProject
Project("{FAE04EC0-301F-11D3-BF4B-00C04F79EFBC}") = "Fm.WebCommon", "Fm.WebCommon\Fm.WebCommon.csproj", "{0A3220C1-CF82-4B54-BFE5-44120434253A}"
EndProject
Project("{FAE04EC0-301F-11D3-BF4B-00C04F79EFBC}") = "SaAPI", "SaAPI\SaAPI.csproj", "{E7F0FC09-FBF3-434D-92C9-ADDB4FE6C665}"
	ProjectSection(ProjectDependencies) = postProject
		{270B5E44-C8F0-4826-BA59-70E856FF5F4C} = {270B5E44-C8F0-4826-BA59-70E856FF5F4C}
		{4BD08463-2334-4761-A886-C77531013D96} = {4BD08463-2334-4761-A886-C77531013D96}
		{58E517A7-6475-4CB2-AA8B-51A5CB1D76B0} = {58E517A7-6475-4CB2-AA8B-51A5CB1D76B0}
		{0A3220C1-CF82-4B54-BFE5-44120434253A} = {0A3220C1-CF82-4B54-BFE5-44120434253A}
		{0BFC09CD-6A9B-44CA-8D48-B4064251B52B} = {0BFC09CD-6A9B-44CA-8D48-B4064251B52B}
	EndProjectSection
EndProject
Global
	GlobalSection(SolutionConfigurationPlatforms) = preSolution
		Debug|Any CPU = Debug|Any CPU
		Release|Any CPU = Release|Any CPU
	EndGlobalSection
	GlobalSection(ProjectConfigurationPlatforms) = postSolution
		{0BFC09CD-6A9B-44CA-8D48-B4064251B52B}.Debug|Any CPU.ActiveCfg = Debug|Any CPU
		{0BFC09CD-6A9B-44CA-8D48-B4064251B52B}.Debug|Any CPU.Build.0 = Debug|Any CPU
		{0BFC09CD-6A9B-44CA-8D48-B4064251B52B}.Release|Any CPU.ActiveCfg = Release|Any CPU
		{0BFC09CD-6A9B-44CA-8D48-B4064251B52B}.Release|Any CPU.Build.0 = Release|Any CPU
		{58E517A7-6475-4CB2-AA8B-51A5CB1D76B0}.Debug|Any CPU.ActiveCfg = Debug|Any CPU
		{58E517A7-6475-4CB2-AA8B-51A5CB1D76B0}.Debug|Any CPU.Build.0 = Debug|Any CPU
		{58E517A7-6475-4CB2-AA8B-51A5CB1D76B0}.Release|Any CPU.ActiveCfg = Release|Any CPU
		{58E517A7-6475-4CB2-AA8B-51A5CB1D76B0}.Release|Any CPU.Build.0 = Release|Any CPU
		{270B5E44-C8F0-4826-BA59-70E856FF5F4C}.Debug|Any CPU.ActiveCfg = Debug|Any CPU
		{270B5E44-C8F0-4826-BA59-70E856FF5F4C}.Debug|Any CPU.Build.0 = Debug|Any CPU
		{270B5E44-C8F0-4826-BA59-70E856FF5F4C}.Release|Any CPU.ActiveCfg = Release|Any CPU
		{270B5E44-C8F0-4826-BA59-70E856FF5F4C}.Release|Any CPU.Build.0 = Release|Any CPU
		{64144C44-F19C-45AC-A740-AB40D4EC6A30}.Debug|Any CPU.ActiveCfg = Debug|Any CPU
		{64144C44-F19C-45AC-A740-AB40D4EC6A30}.Debug|Any CPU.Build.0 = Debug|Any CPU
		{64144C44-F19C-45AC-A740-AB40D4EC6A30}.Release|Any CPU.ActiveCfg = Release|Any CPU
		{64144C44-F19C-45AC-A740-AB40D4EC6A30}.Release|Any CPU.Build.0 = Release|Any CPU
		{4BD08463-2334-4761-A886-C77531013D96}.Debug|Any CPU.ActiveCfg = Debug|Any CPU
		{4BD08463-2334-4761-A886-C77531013D96}.Debug|Any CPU.Build.0 = Debug|Any CPU
		{4BD08463-2334-4761-A886-C77531013D96}.Release|Any CPU.ActiveCfg = Release|Any CPU
		{4BD08463-2334-4761-A886-C77531013D96}.Release|Any CPU.Build.0 = Release|Any CPU
		{0A3220C1-CF82-4B54-BFE5-44120434253A}.Debug|Any CPU.ActiveCfg = Debug|Any CPU
		{0A3220C1-CF82-4B54-BFE5-44120434253A}.Debug|Any CPU.Build.0 = Debug|Any CPU
		{0A3220C1-CF82-4B54-BFE5-44120434253A}.Release|Any CPU.ActiveCfg = Release|Any CPU
		{0A3220C1-CF82-4B54-BFE5-44120434253A}.Release|Any CPU.Build.0 = Release|Any CPU
		{E7F0FC09-FBF3-434D-92C9-ADDB4FE6C665}.Debug|Any CPU.ActiveCfg = Debug|Any CPU
		{E7F0FC09-FBF3-434D-92C9-ADDB4FE6C665}.Debug|Any CPU.Build.0 = Debug|Any CPU
		{E7F0FC09-FBF3-434D-92C9-ADDB4FE6C665}.Release|Any CPU.ActiveCfg = Release|Any CPU
		{E7F0FC09-FBF3-434D-92C9-ADDB4FE6C665}.Release|Any CPU.Build.0 = Release|Any CPU
	EndGlobalSection
	GlobalSection(SolutionProperties) = preSolution
		HideSolutionNode = FALSE
	EndGlobalSection
EndGlobal
